
Microsoft Visual Studio Solution File, Format Version 12.00
# Visual Studio Version 17
VisualStudioVersion = 17.11.35327.3
MinimumVisualStudioVersion = 10.0.40219.1
Project("{9A19103F-16F7-4668-BE54-9A1E7A4F7556}") = "HybridiProjekti", "HybridiProjekti.csproj", "{83C0AF4C-A103-411A-8F7E-E30E3FF7C6C0}"
EndProject
Global
	GlobalSection(SolutionConfigurationPlatforms) = preSolution
		Debug|Any CPU = Debug|Any CPU
		Release|Any CPU = Release|Any CPU
	EndGlobalSection
	GlobalSection(ProjectConfigurationPlatforms) = postSolution
		{83C0AF4C-A103-411A-8F7E-E30E3FF7C6C0}.Debug|Any CPU.ActiveCfg = Debug|Any CPU
		{83C0AF4C-A103-411A-8F7E-E30E3FF7C6C0}.Debug|Any CPU.Build.0 = Debug|Any CPU
		{83C0AF4C-A103-411A-8F7E-E30E3FF7C6C0}.Debug|Any CPU.Deploy.0 = Debug|Any CPU
		{83C0AF4C-A103-411A-8F7E-E30E3FF7C6C0}.Release|Any CPU.ActiveCfg = Release|Any CPU
		{83C0AF4C-A103-411A-8F7E-E30E3FF7C6C0}.Release|Any CPU.Build.0 = Release|Any CPU
		{83C0AF4C-A103-411A-8F7E-E30E3FF7C6C0}.Release|Any CPU.Deploy.0 = Release|Any CPU
	EndGlobalSection
	GlobalSection(SolutionProperties) = preSolution
		HideSolutionNode = FALSE
	EndGlobalSection
	GlobalSection(ExtensibilityGlobals) = postSolution
		SolutionGuid = {408BFEA8-0D2B-402C-8981-8A735C6E78FF}
	EndGlobalSection
EndGlobal
